
Microsoft Visual Studio Solution File, Format Version 12.00
# Visual Studio Version 16
VisualStudioVersion = 16.0.29306.81
MinimumVisualStudioVersion = 10.0.40219.1
Project("{FAE04EC0-301F-11D3-BF4B-00C04F79EFBC}") = "transacao-cartao-api", "transacao-cartao-api\transacao-cartao-api.csproj", "{025DB3F1-6612-4914-A72E-400A6C59CC2A}"
EndProject
Global
	GlobalSection(SolutionConfigurationPlatforms) = preSolution
		Debug|Any CPU = Debug|Any CPU
		Release|Any CPU = Release|Any CPU
	EndGlobalSection
	GlobalSection(ProjectConfigurationPlatforms) = postSolution
		{025DB3F1-6612-4914-A72E-400A6C59CC2A}.Debug|Any CPU.ActiveCfg = Debug|Any CPU
		{025DB3F1-6612-4914-A72E-400A6C59CC2A}.Debug|Any CPU.Build.0 = Debug|Any CPU
		{025DB3F1-6612-4914-A72E-400A6C59CC2A}.Release|Any CPU.ActiveCfg = Release|Any CPU
		{025DB3F1-6612-4914-A72E-400A6C59CC2A}.Release|Any CPU.Build.0 = Release|Any CPU
	EndGlobalSection
	GlobalSection(SolutionProperties) = preSolution
		HideSolutionNode = FALSE
	EndGlobalSection
	GlobalSection(ExtensibilityGlobals) = postSolution
		SolutionGuid = {FC206BBA-18BE-45F6-B93C-EF6631DE8859}
	EndGlobalSection
EndGlobal
